// !$*UTF8*$!
{
	archiveVersion = 1;
	classes = {
	};
	objectVersion = 46;
	objects = {

/* Begin PBXBuildFile section */
		7A6FCE21199FD4C2002CB6B8 /* AppDelegate.swift in Sources */ = {isa = PBXBuildFile; fileRef = 7A6FCE20199FD4C2002CB6B8 /* AppDelegate.swift */; };
		7A6FCE24199FD4C2002CB6B8 /* Symba_Parse.xcdatamodeld in Sources */ = {isa = PBXBuildFile; fileRef = 7A6FCE22199FD4C2002CB6B8 /* Symba_Parse.xcdatamodeld */; };
		7A6FCE26199FD4C2002CB6B8 /* ViewController.swift in Sources */ = {isa = PBXBuildFile; fileRef = 7A6FCE25199FD4C2002CB6B8 /* ViewController.swift */; };
		7A6FCE29199FD4C2002CB6B8 /* Main.storyboard in Resources */ = {isa = PBXBuildFile; fileRef = 7A6FCE27199FD4C2002CB6B8 /* Main.storyboard */; };
		7A6FCE2B199FD4C2002CB6B8 /* Images.xcassets in Resources */ = {isa = PBXBuildFile; fileRef = 7A6FCE2A199FD4C2002CB6B8 /* Images.xcassets */; };
		7A6FCE37199FD4C2002CB6B8 /* Symba_ParseTests.swift in Sources */ = {isa = PBXBuildFile; fileRef = 7A6FCE36199FD4C2002CB6B8 /* Symba_ParseTests.swift */; };
		7A6FCE41199FD5D5002CB6B8 /* Parse.framework in Frameworks */ = {isa = PBXBuildFile; fileRef = 7A6FCE40199FD5D5002CB6B8 /* Parse.framework */; };
		7A6FCE43199FD5F2002CB6B8 /* AudioToolbox.framework in Frameworks */ = {isa = PBXBuildFile; fileRef = 7A6FCE42199FD5F2002CB6B8 /* AudioToolbox.framework */; };
		7A6FCE45199FD5FA002CB6B8 /* CFNetwork.framework in Frameworks */ = {isa = PBXBuildFile; fileRef = 7A6FCE44199FD5FA002CB6B8 /* CFNetwork.framework */; };
		7A6FCE47199FD600002CB6B8 /* CoreGraphics.framework in Frameworks */ = {isa = PBXBuildFile; fileRef = 7A6FCE46199FD600002CB6B8 /* CoreGraphics.framework */; };
		7A6FCE49199FD607002CB6B8 /* CoreLocation.framework in Frameworks */ = {isa = PBXBuildFile; fileRef = 7A6FCE48199FD607002CB6B8 /* CoreLocation.framework */; };
		7A6FCE4B199FD613002CB6B8 /* libz.dylib in Frameworks */ = {isa = PBXBuildFile; fileRef = 7A6FCE4A199FD613002CB6B8 /* libz.dylib */; };
		7A6FCE4D199FD619002CB6B8 /* MobileCoreServices.framework in Frameworks */ = {isa = PBXBuildFile; fileRef = 7A6FCE4C199FD619002CB6B8 /* MobileCoreServices.framework */; };
		7A6FCE4F199FD620002CB6B8 /* QuartzCore.framework in Frameworks */ = {isa = PBXBuildFile; fileRef = 7A6FCE4E199FD620002CB6B8 /* QuartzCore.framework */; };
		7A6FCE51199FD625002CB6B8 /* Security.framework in Frameworks */ = {isa = PBXBuildFile; fileRef = 7A6FCE50199FD625002CB6B8 /* Security.framework */; };
		7A6FCE53199FD62C002CB6B8 /* StoreKit.framework in Frameworks */ = {isa = PBXBuildFile; fileRef = 7A6FCE52199FD62C002CB6B8 /* StoreKit.framework */; };
		7A6FCE55199FD63B002CB6B8 /* SystemConfiguration.framework in Frameworks */ = {isa = PBXBuildFile; fileRef = 7A6FCE54199FD63B002CB6B8 /* SystemConfiguration.framework */; };
		7A6FCE5E199FDCEB002CB6B8 /* FacebookSDK.framework in Frameworks */ = {isa = PBXBuildFile; fileRef = 7A6FCE5D199FDCEB002CB6B8 /* FacebookSDK.framework */; };
		7A6FCE60199FEB19002CB6B8 /* ChatsViewController.swift in Sources */ = {isa = PBXBuildFile; fileRef = 7A6FCE5F199FEB19002CB6B8 /* ChatsViewController.swift */; };
		7A6FCE62199FF0ED002CB6B8 /* ChatViewController.swift in Sources */ = {isa = PBXBuildFile; fileRef = 7A6FCE61199FF0ED002CB6B8 /* ChatViewController.swift */; };
		7A6FCE64199FF10F002CB6B8 /* ContactsViewController.swift in Sources */ = {isa = PBXBuildFile; fileRef = 7A6FCE63199FF10F002CB6B8 /* ContactsViewController.swift */; };
/* End PBXBuildFile section */

/* Begin PBXContainerItemProxy section */
		7A6FCE31199FD4C2002CB6B8 /* PBXContainerItemProxy */ = {
			isa = PBXContainerItemProxy;
			containerPortal = 7A6FCE13199FD4C2002CB6B8 /* Project object */;
			proxyType = 1;
			remoteGlobalIDString = 7A6FCE1A199FD4C2002CB6B8;
			remoteInfo = "Symba-Parse";
		};
/* End PBXContainerItemProxy section */

/* Begin PBXFileReference section */
		7A6FCE1B199FD4C2002CB6B8 /* Symba-Parse.app */ = {isa = PBXFileReference; explicitFileType = wrapper.application; includeInIndex = 0; path = "Symba-Parse.app"; sourceTree = BUILT_PRODUCTS_DIR; };
		7A6FCE1F199FD4C2002CB6B8 /* Info.plist */ = {isa = PBXFileReference; lastKnownFileType = text.plist.xml; path = Info.plist; sourceTree = "<group>"; };
		7A6FCE20199FD4C2002CB6B8 /* AppDelegate.swift */ = {isa = PBXFileReference; lastKnownFileType = sourcecode.swift; path = AppDelegate.swift; sourceTree = "<group>"; };
		7A6FCE23199FD4C2002CB6B8 /* Symba_Parse.xcdatamodel */ = {isa = PBXFileReference; lastKnownFileType = wrapper.xcdatamodel; path = Symba_Parse.xcdatamodel; sourceTree = "<group>"; };
		7A6FCE25199FD4C2002CB6B8 /* ViewController.swift */ = {isa = PBXFileReference; lastKnownFileType = sourcecode.swift; path = ViewController.swift; sourceTree = "<group>"; };
		7A6FCE28199FD4C2002CB6B8 /* Base */ = {isa = PBXFileReference; lastKnownFileType = file.storyboard; name = Base; path = Base.lproj/Main.storyboard; sourceTree = "<group>"; };
		7A6FCE2A199FD4C2002CB6B8 /* Images.xcassets */ = {isa = PBXFileReference; lastKnownFileType = folder.assetcatalog; path = Images.xcassets; sourceTree = "<group>"; };
		7A6FCE30199FD4C2002CB6B8 /* Symba-ParseTests.xctest */ = {isa = PBXFileReference; explicitFileType = wrapper.cfbundle; includeInIndex = 0; path = "Symba-ParseTests.xctest"; sourceTree = BUILT_PRODUCTS_DIR; };
		7A6FCE35199FD4C2002CB6B8 /* Info.plist */ = {isa = PBXFileReference; lastKnownFileType = text.plist.xml; path = Info.plist; sourceTree = "<group>"; };
		7A6FCE36199FD4C2002CB6B8 /* Symba_ParseTests.swift */ = {isa = PBXFileReference; lastKnownFileType = sourcecode.swift; path = Symba_ParseTests.swift; sourceTree = "<group>"; };
		7A6FCE40199FD5D5002CB6B8 /* Parse.framework */ = {isa = PBXFileReference; lastKnownFileType = wrapper.framework; name = Parse.framework; path = ../../SDKs/Parse.framework; sourceTree = "<group>"; };
		7A6FCE42199FD5F2002CB6B8 /* AudioToolbox.framework */ = {isa = PBXFileReference; lastKnownFileType = wrapper.framework; name = AudioToolbox.framework; path = System/Library/Frameworks/AudioToolbox.framework; sourceTree = SDKROOT; };
		7A6FCE44199FD5FA002CB6B8 /* CFNetwork.framework */ = {isa = PBXFileReference; lastKnownFileType = wrapper.framework; name = CFNetwork.framework; path = System/Library/Frameworks/CFNetwork.framework; sourceTree = SDKROOT; };
		7A6FCE46199FD600002CB6B8 /* CoreGraphics.framework */ = {isa = PBXFileReference; lastKnownFileType = wrapper.framework; name = CoreGraphics.framework; path = System/Library/Frameworks/CoreGraphics.framework; sourceTree = SDKROOT; };
		7A6FCE48199FD607002CB6B8 /* CoreLocation.framework */ = {isa = PBXFileReference; lastKnownFileType = wrapper.framework; name = CoreLocation.framework; path = System/Library/Frameworks/CoreLocation.framework; sourceTree = SDKROOT; };
		7A6FCE4A199FD613002CB6B8 /* libz.dylib */ = {isa = PBXFileReference; lastKnownFileType = "compiled.mach-o.dylib"; name = libz.dylib; path = usr/lib/libz.dylib; sourceTree = SDKROOT; };
		7A6FCE4C199FD619002CB6B8 /* MobileCoreServices.framework */ = {isa = PBXFileReference; lastKnownFileType = wrapper.framework; name = MobileCoreServices.framework; path = System/Library/Frameworks/MobileCoreServices.framework; sourceTree = SDKROOT; };
		7A6FCE4E199FD620002CB6B8 /* QuartzCore.framework */ = {isa = PBXFileReference; lastKnownFileType = wrapper.framework; name = QuartzCore.framework; path = System/Library/Frameworks/QuartzCore.framework; sourceTree = SDKROOT; };
		7A6FCE50199FD625002CB6B8 /* Security.framework */ = {isa = PBXFileReference; lastKnownFileType = wrapper.framework; name = Security.framework; path = System/Library/Frameworks/Security.framework; sourceTree = SDKROOT; };
		7A6FCE52199FD62C002CB6B8 /* StoreKit.framework */ = {isa = PBXFileReference; lastKnownFileType = wrapper.framework; name = StoreKit.framework; path = System/Library/Frameworks/StoreKit.framework; sourceTree = SDKROOT; };
		7A6FCE54199FD63B002CB6B8 /* SystemConfiguration.framework */ = {isa = PBXFileReference; lastKnownFileType = wrapper.framework; name = SystemConfiguration.framework; path = System/Library/Frameworks/SystemConfiguration.framework; sourceTree = SDKROOT; };
		7A6FCE56199FD6A8002CB6B8 /* Symba-Parse-Bridging-Header.h */ = {isa = PBXFileReference; lastKnownFileType = sourcecode.c.h; path = "Symba-Parse-Bridging-Header.h"; sourceTree = "<group>"; };
		7A6FCE5D199FDCEB002CB6B8 /* FacebookSDK.framework */ = {isa = PBXFileReference; lastKnownFileType = wrapper.framework; name = FacebookSDK.framework; path = ../../../../Documents/FacebookSDK/FacebookSDK.framework; sourceTree = "<group>"; };
		7A6FCE5F199FEB19002CB6B8 /* ChatsViewController.swift */ = {isa = PBXFileReference; fileEncoding = 4; lastKnownFileType = sourcecode.swift; path = ChatsViewController.swift; sourceTree = "<group>"; };
		7A6FCE61199FF0ED002CB6B8 /* ChatViewController.swift */ = {isa = PBXFileReference; fileEncoding = 4; lastKnownFileType = sourcecode.swift; path = ChatViewController.swift; sourceTree = "<group>"; };
		7A6FCE63199FF10F002CB6B8 /* ContactsViewController.swift */ = {isa = PBXFileReference; fileEncoding = 4; lastKnownFileType = sourcecode.swift; path = ContactsViewController.swift; sourceTree = "<group>"; };
/* End PBXFileReference section */

/* Begin PBXFrameworksBuildPhase section */
		7A6FCE18199FD4C2002CB6B8 /* Frameworks */ = {
			isa = PBXFrameworksBuildPhase;
			buildActionMask = 2147483647;
			files = (
				7A6FCE5E199FDCEB002CB6B8 /* FacebookSDK.framework in Frameworks */,
				7A6FCE55199FD63B002CB6B8 /* SystemConfiguration.framework in Frameworks */,
				7A6FCE53199FD62C002CB6B8 /* StoreKit.framework in Frameworks */,
				7A6FCE51199FD625002CB6B8 /* Security.framework in Frameworks */,
				7A6FCE4F199FD620002CB6B8 /* QuartzCore.framework in Frameworks */,
				7A6FCE4D199FD619002CB6B8 /* MobileCoreServices.framework in Frameworks */,
				7A6FCE4B199FD613002CB6B8 /* libz.dylib in Frameworks */,
				7A6FCE49199FD607002CB6B8 /* CoreLocation.framework in Frameworks */,
				7A6FCE47199FD600002CB6B8 /* CoreGraphics.framework in Frameworks */,
				7A6FCE45199FD5FA002CB6B8 /* CFNetwork.framework in Frameworks */,
				7A6FCE43199FD5F2002CB6B8 /* AudioToolbox.framework in Frameworks */,
				7A6FCE41199FD5D5002CB6B8 /* Parse.framework in Frameworks */,
			);
			runOnlyForDeploymentPostprocessing = 0;
		};
		7A6FCE2D199FD4C2002CB6B8 /* Frameworks */ = {
			isa = PBXFrameworksBuildPhase;
			buildActionMask = 2147483647;
			files = (
			);
			runOnlyForDeploymentPostprocessing = 0;
		};
/* End PBXFrameworksBuildPhase section */

/* Begin PBXGroup section */
		7A6FCE12199FD4C2002CB6B8 = {
			isa = PBXGroup;
			children = (
				7A6FCE59199FD96D002CB6B8 /* Frameworks */,
				7A6FCE1D199FD4C2002CB6B8 /* Symba-Parse */,
				7A6FCE33199FD4C2002CB6B8 /* Symba-ParseTests */,
				7A6FCE1C199FD4C2002CB6B8 /* Products */,
			);
			sourceTree = "<group>";
		};
		7A6FCE1C199FD4C2002CB6B8 /* Products */ = {
			isa = PBXGroup;
			children = (
				7A6FCE1B199FD4C2002CB6B8 /* Symba-Parse.app */,
				7A6FCE30199FD4C2002CB6B8 /* Symba-ParseTests.xctest */,
			);
			name = Products;
			sourceTree = "<group>";
		};
		7A6FCE1D199FD4C2002CB6B8 /* Symba-Parse */ = {
			isa = PBXGroup;
			children = (
				7A6FCE5B199FD99F002CB6B8 /* Models */,
				7A6FCE5A199FD994002CB6B8 /* Controllers */,
				7A6FCE20199FD4C2002CB6B8 /* AppDelegate.swift */,
				7A6FCE27199FD4C2002CB6B8 /* Main.storyboard */,
				7A6FCE2A199FD4C2002CB6B8 /* Images.xcassets */,
				7A6FCE22199FD4C2002CB6B8 /* Symba_Parse.xcdatamodeld */,
				7A6FCE1E199FD4C2002CB6B8 /* Supporting Files */,
				7A6FCE56199FD6A8002CB6B8 /* Symba-Parse-Bridging-Header.h */,
			);
			path = "Symba-Parse";
			sourceTree = "<group>";
		};
		7A6FCE1E199FD4C2002CB6B8 /* Supporting Files */ = {
			isa = PBXGroup;
			children = (
				7A6FCE1F199FD4C2002CB6B8 /* Info.plist */,
			);
			name = "Supporting Files";
			sourceTree = "<group>";
		};
		7A6FCE33199FD4C2002CB6B8 /* Symba-ParseTests */ = {
			isa = PBXGroup;
			children = (
				7A6FCE36199FD4C2002CB6B8 /* Symba_ParseTests.swift */,
				7A6FCE34199FD4C2002CB6B8 /* Supporting Files */,
			);
			path = "Symba-ParseTests";
			sourceTree = "<group>";
		};
		7A6FCE34199FD4C2002CB6B8 /* Supporting Files */ = {
			isa = PBXGroup;
			children = (
				7A6FCE35199FD4C2002CB6B8 /* Info.plist */,
			);
			name = "Supporting Files";
			sourceTree = "<group>";
		};
		7A6FCE59199FD96D002CB6B8 /* Frameworks */ = {
			isa = PBXGroup;
			children = (
				7A6FCE5D199FDCEB002CB6B8 /* FacebookSDK.framework */,
				7A6FCE54199FD63B002CB6B8 /* SystemConfiguration.framework */,
				7A6FCE52199FD62C002CB6B8 /* StoreKit.framework */,
				7A6FCE50199FD625002CB6B8 /* Security.framework */,
				7A6FCE4E199FD620002CB6B8 /* QuartzCore.framework */,
				7A6FCE4C199FD619002CB6B8 /* MobileCoreServices.framework */,
				7A6FCE4A199FD613002CB6B8 /* libz.dylib */,
				7A6FCE48199FD607002CB6B8 /* CoreLocation.framework */,
				7A6FCE46199FD600002CB6B8 /* CoreGraphics.framework */,
				7A6FCE44199FD5FA002CB6B8 /* CFNetwork.framework */,
				7A6FCE42199FD5F2002CB6B8 /* AudioToolbox.framework */,
				7A6FCE40199FD5D5002CB6B8 /* Parse.framework */,
			);
			name = Frameworks;
			sourceTree = "<group>";
		};
		7A6FCE5A199FD994002CB6B8 /* Controllers */ = {
			isa = PBXGroup;
			children = (
				7A6FCE25199FD4C2002CB6B8 /* ViewController.swift */,
				7A6FCE5F199FEB19002CB6B8 /* ChatsViewController.swift */,
				7A6FCE61199FF0ED002CB6B8 /* ChatViewController.swift */,
				7A6FCE63199FF10F002CB6B8 /* ContactsViewController.swift */,
			);
			name = Controllers;
			sourceTree = "<group>";
		};
		7A6FCE5B199FD99F002CB6B8 /* Models */ = {
			isa = PBXGroup;
			children = (
			);
			name = Models;
			sourceTree = "<group>";
		};
/* End PBXGroup section */

/* Begin PBXNativeTarget section */
		7A6FCE1A199FD4C2002CB6B8 /* Symba-Parse */ = {
			isa = PBXNativeTarget;
			buildConfigurationList = 7A6FCE3A199FD4C2002CB6B8 /* Build configuration list for PBXNativeTarget "Symba-Parse" */;
			buildPhases = (
				7A6FCE17199FD4C2002CB6B8 /* Sources */,
				7A6FCE18199FD4C2002CB6B8 /* Frameworks */,
				7A6FCE19199FD4C2002CB6B8 /* Resources */,
			);
			buildRules = (
			);
			dependencies = (
			);
			name = "Symba-Parse";
			productName = "Symba-Parse";
			productReference = 7A6FCE1B199FD4C2002CB6B8 /* Symba-Parse.app */;
			productType = "com.apple.product-type.application";
		};
		7A6FCE2F199FD4C2002CB6B8 /* Symba-ParseTests */ = {
			isa = PBXNativeTarget;
			buildConfigurationList = 7A6FCE3D199FD4C2002CB6B8 /* Build configuration list for PBXNativeTarget "Symba-ParseTests" */;
			buildPhases = (
				7A6FCE2C199FD4C2002CB6B8 /* Sources */,
				7A6FCE2D199FD4C2002CB6B8 /* Frameworks */,
				7A6FCE2E199FD4C2002CB6B8 /* Resources */,
			);
			buildRules = (
			);
			dependencies = (
				7A6FCE32199FD4C2002CB6B8 /* PBXTargetDependency */,
			);
			name = "Symba-ParseTests";
			productName = "Symba-ParseTests";
			productReference = 7A6FCE30199FD4C2002CB6B8 /* Symba-ParseTests.xctest */;
			productType = "com.apple.product-type.bundle.unit-test";
		};
/* End PBXNativeTarget section */

/* Begin PBXProject section */
		7A6FCE13199FD4C2002CB6B8 /* Project object */ = {
			isa = PBXProject;
			attributes = {
				LastUpgradeCheck = 0600;
				ORGANIZATIONNAME = "John Doty";
				TargetAttributes = {
					7A6FCE1A199FD4C2002CB6B8 = {
						CreatedOnToolsVersion = 6.0;
					};
					7A6FCE2F199FD4C2002CB6B8 = {
						CreatedOnToolsVersion = 6.0;
						TestTargetID = 7A6FCE1A199FD4C2002CB6B8;
					};
				};
			};
			buildConfigurationList = 7A6FCE16199FD4C2002CB6B8 /* Build configuration list for PBXProject "Symba-Parse" */;
			compatibilityVersion = "Xcode 3.2";
			developmentRegion = English;
			hasScannedForEncodings = 0;
			knownRegions = (
				en,
				Base,
			);
			mainGroup = 7A6FCE12199FD4C2002CB6B8;
			productRefGroup = 7A6FCE1C199FD4C2002CB6B8 /* Products */;
			projectDirPath = "";
			projectRoot = "";
			targets = (
				7A6FCE1A199FD4C2002CB6B8 /* Symba-Parse */,
				7A6FCE2F199FD4C2002CB6B8 /* Symba-ParseTests */,
			);
		};
/* End PBXProject section */

/* Begin PBXResourcesBuildPhase section */
		7A6FCE19199FD4C2002CB6B8 /* Resources */ = {
			isa = PBXResourcesBuildPhase;
			buildActionMask = 2147483647;
			files = (
				7A6FCE29199FD4C2002CB6B8 /* Main.storyboard in Resources */,
				7A6FCE2B199FD4C2002CB6B8 /* Images.xcassets in Resources */,
			);
			runOnlyForDeploymentPostprocessing = 0;
		};
		7A6FCE2E199FD4C2002CB6B8 /* Resources */ = {
			isa = PBXResourcesBuildPhase;
			buildActionMask = 2147483647;
			files = (
			);
			runOnlyForDeploymentPostprocessing = 0;
		};
/* End PBXResourcesBuildPhase section */

/* Begin PBXSourcesBuildPhase section */
		7A6FCE17199FD4C2002CB6B8 /* Sources */ = {
			isa = PBXSourcesBuildPhase;
			buildActionMask = 2147483647;
			files = (
				7A6FCE26199FD4C2002CB6B8 /* ViewController.swift in Sources */,
				7A6FCE24199FD4C2002CB6B8 /* Symba_Parse.xcdatamodeld in Sources */,
				7A6FCE60199FEB19002CB6B8 /* ChatsViewController.swift in Sources */,
				7A6FCE62199FF0ED002CB6B8 /* ChatViewController.swift in Sources */,
				7A6FCE21199FD4C2002CB6B8 /* AppDelegate.swift in Sources */,
				7A6FCE64199FF10F002CB6B8 /* ContactsViewController.swift in Sources */,
			);
			runOnlyForDeploymentPostprocessing = 0;
		};
		7A6FCE2C199FD4C2002CB6B8 /* Sources */ = {
			isa = PBXSourcesBuildPhase;
			buildActionMask = 2147483647;
			files = (
				7A6FCE37199FD4C2002CB6B8 /* Symba_ParseTests.swift in Sources */,
			);
			runOnlyForDeploymentPostprocessing = 0;
		};
/* End PBXSourcesBuildPhase section */

/* Begin PBXTargetDependency section */
		7A6FCE32199FD4C2002CB6B8 /* PBXTargetDependency */ = {
			isa = PBXTargetDependency;
			target = 7A6FCE1A199FD4C2002CB6B8 /* Symba-Parse */;
			targetProxy = 7A6FCE31199FD4C2002CB6B8 /* PBXContainerItemProxy */;
		};
/* End PBXTargetDependency section */

/* Begin PBXVariantGroup section */
		7A6FCE27199FD4C2002CB6B8 /* Main.storyboard */ = {
			isa = PBXVariantGroup;
			children = (
				7A6FCE28199FD4C2002CB6B8 /* Base */,
			);
			name = Main.storyboard;
			sourceTree = "<group>";
		};
/* End PBXVariantGroup section */

/* Begin XCBuildConfiguration section */
		7A6FCE38199FD4C2002CB6B8 /* Debug */ = {
			isa = XCBuildConfiguration;
			buildSettings = {
				ALWAYS_SEARCH_USER_PATHS = NO;
				CLANG_CXX_LANGUAGE_STANDARD = "gnu++0x";
				CLANG_CXX_LIBRARY = "libc++";
				CLANG_ENABLE_MODULES = YES;
				CLANG_ENABLE_OBJC_ARC = YES;
				CLANG_WARN_BOOL_CONVERSION = YES;
				CLANG_WARN_CONSTANT_CONVERSION = YES;
				CLANG_WARN_DIRECT_OBJC_ISA_USAGE = YES_ERROR;
				CLANG_WARN_EMPTY_BODY = YES;
				CLANG_WARN_ENUM_CONVERSION = YES;
				CLANG_WARN_INT_CONVERSION = YES;
				CLANG_WARN_OBJC_ROOT_CLASS = YES_ERROR;
				CLANG_WARN_UNREACHABLE_CODE = YES;
				CLANG_WARN__DUPLICATE_METHOD_MATCH = YES;
				"CODE_SIGN_IDENTITY[sdk=iphoneos*]" = "iPhone Developer";
				COPY_PHASE_STRIP = NO;
				ENABLE_STRICT_OBJC_MSGSEND = YES;
				GCC_C_LANGUAGE_STANDARD = gnu99;
				GCC_DYNAMIC_NO_PIC = NO;
				GCC_OPTIMIZATION_LEVEL = 0;
				GCC_PREPROCESSOR_DEFINITIONS = (
					"DEBUG=1",
					"$(inherited)",
				);
				GCC_SYMBOLS_PRIVATE_EXTERN = NO;
				GCC_WARN_64_TO_32_BIT_CONVERSION = YES;
				GCC_WARN_ABOUT_RETURN_TYPE = YES_ERROR;
				GCC_WARN_UNDECLARED_SELECTOR = YES;
				GCC_WARN_UNINITIALIZED_AUTOS = YES_AGGRESSIVE;
				GCC_WARN_UNUSED_FUNCTION = YES;
				GCC_WARN_UNUSED_VARIABLE = YES;
				IPHONEOS_DEPLOYMENT_TARGET = 8.0;
				MTL_ENABLE_DEBUG_INFO = YES;
				ONLY_ACTIVE_ARCH = YES;
				SDKROOT = iphoneos;
				SWIFT_OPTIMIZATION_LEVEL = "-Onone";
			};
			name = Debug;
		};
		7A6FCE39199FD4C2002CB6B8 /* Release */ = {
			isa = XCBuildConfiguration;
			buildSettings = {
				ALWAYS_SEARCH_USER_PATHS = NO;
				CLANG_CXX_LANGUAGE_STANDARD = "gnu++0x";
				CLANG_CXX_LIBRARY = "libc++";
				CLANG_ENABLE_MODULES = YES;
				CLANG_ENABLE_OBJC_ARC = YES;
				CLANG_WARN_BOOL_CONVERSION = YES;
				CLANG_WARN_CONSTANT_CONVERSION = YES;
				CLANG_WARN_DIRECT_OBJC_ISA_USAGE = YES_ERROR;
				CLANG_WARN_EMPTY_BODY = YES;
				CLANG_WARN_ENUM_CONVERSION = YES;
				CLANG_WARN_INT_CONVERSION = YES;
				CLANG_WARN_OBJC_ROOT_CLASS = YES_ERROR;
				CLANG_WARN_UNREACHABLE_CODE = YES;
				CLANG_WARN__DUPLICATE_METHOD_MATCH = YES;
				"CODE_SIGN_IDENTITY[sdk=iphoneos*]" = "iPhone Developer";
				COPY_PHASE_STRIP = YES;
				ENABLE_NS_ASSERTIONS = NO;
				ENABLE_STRICT_OBJC_MSGSEND = YES;
				GCC_C_LANGUAGE_STANDARD = gnu99;
				GCC_WARN_64_TO_32_BIT_CONVERSION = YES;
				GCC_WARN_ABOUT_RETURN_TYPE = YES_ERROR;
				GCC_WARN_UNDECLARED_SELECTOR = YES;
				GCC_WARN_UNINITIALIZED_AUTOS = YES_AGGRESSIVE;
				GCC_WARN_UNUSED_FUNCTION = YES;
				GCC_WARN_UNUSED_VARIABLE = YES;
				IPHONEOS_DEPLOYMENT_TARGET = 8.0;
				MTL_ENABLE_DEBUG_INFO = NO;
				SDKROOT = iphoneos;
				VALIDATE_PRODUCT = YES;
			};
			name = Release;
		};
		7A6FCE3B199FD4C2002CB6B8 /* Debug */ = {
			isa = XCBuildConfiguration;
			buildSettings = {
				ASSETCATALOG_COMPILER_APPICON_NAME = AppIcon;
				ASSETCATALOG_COMPILER_LAUNCHIMAGE_NAME = LaunchImage;
				CLANG_ENABLE_MODULES = YES;
				FRAMEWORK_SEARCH_PATHS = (
					"$(inherited)",
					/Users/johndoty/Desktop/Swift/SDKs,
					/Users/johndoty/Documents/FacebookSDK,
				);
				INFOPLIST_FILE = "Symba-Parse/Info.plist";
				IPHONEOS_DEPLOYMENT_TARGET = 7.1;
				LD_RUNPATH_SEARCH_PATHS = "$(inherited) @executable_path/Frameworks";
				PRODUCT_NAME = "$(TARGET_NAME)";
				SWIFT_OBJC_BRIDGING_HEADER = "Symba-Parse/Symba-Parse-Bridging-Header.h";
				SWIFT_OPTIMIZATION_LEVEL = "-Onone";
			};
			name = Debug;
		};
		7A6FCE3C199FD4C2002CB6B8 /* Release */ = {
			isa = XCBuildConfiguration;
			buildSettings = {
				ASSETCATALOG_COMPILER_APPICON_NAME = AppIcon;
				ASSETCATALOG_COMPILER_LAUNCHIMAGE_NAME = LaunchImage;
				CLANG_ENABLE_MODULES = YES;
				FRAMEWORK_SEARCH_PATHS = (
					"$(inherited)",
					/Users/johndoty/Desktop/Swift/SDKs,
					/Users/johndoty/Documents/FacebookSDK,
				);
				INFOPLIST_FILE = "Symba-Parse/Info.plist";
				IPHONEOS_DEPLOYMENT_TARGET = 7.1;
				LD_RUNPATH_SEARCH_PATHS = "$(inherited) @executable_path/Frameworks";
				PRODUCT_NAME = "$(TARGET_NAME)";
				SWIFT_OBJC_BRIDGING_HEADER = "Symba-Parse/Symba-Parse-Bridging-Header.h";
			};
			name = Release;
		};
		7A6FCE3E199FD4C2002CB6B8 /* Debug */ = {
			isa = XCBuildConfiguration;
			buildSettings = {
				BUNDLE_LOADER = "$(TEST_HOST)";
				FRAMEWORK_SEARCH_PATHS = (
					"$(SDKROOT)/Developer/Library/Frameworks",
					"$(inherited)",
				);
				GCC_PREPROCESSOR_DEFINITIONS = (
					"DEBUG=1",
					"$(inherited)",
				);
				INFOPLIST_FILE = "Symba-ParseTests/Info.plist";
				LD_RUNPATH_SEARCH_PATHS = "$(inherited) @executable_path/Frameworks @loader_path/Frameworks";
				PRODUCT_NAME = "$(TARGET_NAME)";
				TEST_HOST = "$(BUILT_PRODUCTS_DIR)/Symba-Parse.app/Symba-Parse";
			};
			name = Debug;
		};
		7A6FCE3F199FD4C2002CB6B8 /* Release */ = {
			isa = XCBuildConfiguration;
			buildSettings = {
				BUNDLE_LOADER = "$(TEST_HOST)";
				FRAMEWORK_SEARCH_PATHS = (
					"$(SDKROOT)/Developer/Library/Frameworks",
					"$(inherited)",
				);
				INFOPLIST_FILE = "Symba-ParseTests/Info.plist";
				LD_RUNPATH_SEARCH_PATHS = "$(inherited) @executable_path/Frameworks @loader_path/Frameworks";
				PRODUCT_NAME = "$(TARGET_NAME)";
				TEST_HOST = "$(BUILT_PRODUCTS_DIR)/Symba-Parse.app/Symba-Parse";
			};
			name = Release;
		};
/* End XCBuildConfiguration section */

/* Begin XCConfigurationList section */
		7A6FCE16199FD4C2002CB6B8 /* Build configuration list for PBXProject "Symba-Parse" */ = {
			isa = XCConfigurationList;
			buildConfigurations = (
				7A6FCE38199FD4C2002CB6B8 /* Debug */,
				7A6FCE39199FD4C2002CB6B8 /* Release */,
			);
			defaultConfigurationIsVisible = 0;
			defaultConfigurationName = Release;
		};
		7A6FCE3A199FD4C2002CB6B8 /* Build configuration list for PBXNativeTarget "Symba-Parse" */ = {
			isa = XCConfigurationList;
			buildConfigurations = (
				7A6FCE3B199FD4C2002CB6B8 /* Debug */,
				7A6FCE3C199FD4C2002CB6B8 /* Release */,
			);
			defaultConfigurationIsVisible = 0;
		};
		7A6FCE3D199FD4C2002CB6B8 /* Build configuration list for PBXNativeTarget "Symba-ParseTests" */ = {
			isa = XCConfigurationList;
			buildConfigurations = (
				7A6FCE3E199FD4C2002CB6B8 /* Debug */,
				7A6FCE3F199FD4C2002CB6B8 /* Release */,
			);
			defaultConfigurationIsVisible = 0;
		};
/* End XCConfigurationList section */

/* Begin XCVersionGroup section */
		7A6FCE22199FD4C2002CB6B8 /* Symba_Parse.xcdatamodeld */ = {
			isa = XCVersionGroup;
			children = (
				7A6FCE23199FD4C2002CB6B8 /* Symba_Parse.xcdatamodel */,
			);
			currentVersion = 7A6FCE23199FD4C2002CB6B8 /* Symba_Parse.xcdatamodel */;
			path = Symba_Parse.xcdatamodeld;
			sourceTree = "<group>";
			versionGroupType = wrapper.xcdatamodel;
		};
/* End XCVersionGroup section */
	};
	rootObject = 7A6FCE13199FD4C2002CB6B8 /* Project object */;
}
